
Microsoft Visual Studio Solution File, Format Version 12.00
# Visual Studio Version 17
VisualStudioVersion = 17.1.32414.318
MinimumVisualStudioVersion = 10.0.40219.1
Project("{FAE04EC0-301F-11D3-BF4B-00C04F79EFBC}") = "TvaApplication", "TvaApplication.csproj", "{88A0E5BF-CEE4-425F-8559-D3AF7719555B}"
EndProject
Global
	GlobalSection(SolutionConfigurationPlatforms) = preSolution
		Debug|Any CPU = Debug|Any CPU
		Release|Any CPU = Release|Any CPU
	EndGlobalSection
	GlobalSection(ProjectConfigurationPlatforms) = postSolution
		{88A0E5BF-CEE4-425F-8559-D3AF7719555B}.Debug|Any CPU.ActiveCfg = Debug|Any CPU
		{88A0E5BF-CEE4-425F-8559-D3AF7719555B}.Debug|Any CPU.Build.0 = Debug|Any CPU
		{88A0E5BF-CEE4-425F-8559-D3AF7719555B}.Release|Any CPU.ActiveCfg = Release|Any CPU
		{88A0E5BF-CEE4-425F-8559-D3AF7719555B}.Release|Any CPU.Build.0 = Release|Any CPU
	EndGlobalSection
	GlobalSection(SolutionProperties) = preSolution
		HideSolutionNode = FALSE
	EndGlobalSection
	GlobalSection(ExtensibilityGlobals) = postSolution
		SolutionGuid = {33B499C1-E806-4EF5-ADE9-A9A67B32576C}
	EndGlobalSection
EndGlobal
